
Microsoft Visual Studio Solution File, Format Version 12.00
# Visual Studio Version 17
VisualStudioVersion = 17.2.32630.192
MinimumVisualStudioVersion = 10.0.40219.1
Project("{9A19103F-16F7-4668-BE54-9A1E7A4F7556}") = "Aoc", "Aoc\Aoc.csproj", "{D05AA340-D9C2-4183-A95B-261F6CC06A4B}"
EndProject
Project("{FAE04EC0-301F-11D3-BF4B-00C04F79EFBC}") = "Tests", "Tests\Tests.csproj", "{0ED6455D-8AD4-46E0-933F-FA3B0C19457A}"
EndProject
Global
	GlobalSection(SolutionConfigurationPlatforms) = preSolution
		Debug|Any CPU = Debug|Any CPU
		Release|Any CPU = Release|Any CPU
	EndGlobalSection
	GlobalSection(ProjectConfigurationPlatforms) = postSolution
		{D05AA340-D9C2-4183-A95B-261F6CC06A4B}.Debug|Any CPU.ActiveCfg = Debug|Any CPU
		{D05AA340-D9C2-4183-A95B-261F6CC06A4B}.Debug|Any CPU.Build.0 = Debug|Any CPU
		{D05AA340-D9C2-4183-A95B-261F6CC06A4B}.Release|Any CPU.ActiveCfg = Release|Any CPU
		{D05AA340-D9C2-4183-A95B-261F6CC06A4B}.Release|Any CPU.Build.0 = Release|Any CPU
		{0ED6455D-8AD4-46E0-933F-FA3B0C19457A}.Debug|Any CPU.ActiveCfg = Debug|Any CPU
		{0ED6455D-8AD4-46E0-933F-FA3B0C19457A}.Debug|Any CPU.Build.0 = Debug|Any CPU
		{0ED6455D-8AD4-46E0-933F-FA3B0C19457A}.Release|Any CPU.ActiveCfg = Release|Any CPU
		{0ED6455D-8AD4-46E0-933F-FA3B0C19457A}.Release|Any CPU.Build.0 = Release|Any CPU
	EndGlobalSection
	GlobalSection(SolutionProperties) = preSolution
		HideSolutionNode = FALSE
	EndGlobalSection
	GlobalSection(ExtensibilityGlobals) = postSolution
		SolutionGuid = {FADF0266-523C-406D-B58A-529B5A03925A}
	EndGlobalSection
EndGlobal
